
Microsoft Visual Studio Solution File, Format Version 12.00
# Visual Studio Version 17
VisualStudioVersion = 17.14.36203.30 d17.14
MinimumVisualStudioVersion = 10.0.40219.1
Project("{FAE04EC0-301F-11D3-BF4B-00C04F79EFBC}") = "Inter240083", "Inter240083\Inter240083.csproj", "{EF9F5CD5-391A-43E1-A780-651A72D56BAC}"
EndProject
Global
	GlobalSection(SolutionConfigurationPlatforms) = preSolution
		Debug|Any CPU = Debug|Any CPU
		Release|Any CPU = Release|Any CPU
	EndGlobalSection
	GlobalSection(ProjectConfigurationPlatforms) = postSolution
		{EF9F5CD5-391A-43E1-A780-651A72D56BAC}.Debug|Any CPU.ActiveCfg = Debug|Any CPU
		{EF9F5CD5-391A-43E1-A780-651A72D56BAC}.Debug|Any CPU.Build.0 = Debug|Any CPU
		{EF9F5CD5-391A-43E1-A780-651A72D56BAC}.Release|Any CPU.ActiveCfg = Release|Any CPU
		{EF9F5CD5-391A-43E1-A780-651A72D56BAC}.Release|Any CPU.Build.0 = Release|Any CPU
	EndGlobalSection
	GlobalSection(SolutionProperties) = preSolution
		HideSolutionNode = FALSE
	EndGlobalSection
	GlobalSection(ExtensibilityGlobals) = postSolution
		SolutionGuid = {821E7DCE-80AF-47B3-B5B8-199FD20DB9DF}
	EndGlobalSection
EndGlobal
